// !$*UTF8*$!
{
	archiveVersion = 1;
	classes = {
	};
	objectVersion = 56;
	objects = {

/* Begin PBXBuildFile section */
		3C9A353E2AD0905B00282D0A /* AmiiboAPIApp.swift in Sources */ = {isa = PBXBuildFile; fileRef = 3C9A353D2AD0905B00282D0A /* AmiiboAPIApp.swift */; };
		3C9A35402AD0905B00282D0A /* AmiiboList.swift in Sources */ = {isa = PBXBuildFile; fileRef = 3C9A353F2AD0905B00282D0A /* AmiiboList.swift */; };
		3C9A35422AD0905C00282D0A /* Assets.xcassets in Resources */ = {isa = PBXBuildFile; fileRef = 3C9A35412AD0905C00282D0A /* Assets.xcassets */; };
		3C9A35452AD0905C00282D0A /* Preview Assets.xcassets in Resources */ = {isa = PBXBuildFile; fileRef = 3C9A35442AD0905C00282D0A /* Preview Assets.xcassets */; };
		3C9A354C2AD090CB00282D0A /* RemoteAmiiboLoader.swift in Sources */ = {isa = PBXBuildFile; fileRef = 3C9A354B2AD090CB00282D0A /* RemoteAmiiboLoader.swift */; };
		3C9A354E2AD0912000282D0A /* RemoteAmiibos.swift in Sources */ = {isa = PBXBuildFile; fileRef = 3C9A354D2AD0912000282D0A /* RemoteAmiibos.swift */; };
		3C9A35502AD0925600282D0A /* AmiiboRow.swift in Sources */ = {isa = PBXBuildFile; fileRef = 3C9A354F2AD0925600282D0A /* AmiiboRow.swift */; };
		3C9A35542AD094A500282D0A /* AmiiboDetails.swift in Sources */ = {isa = PBXBuildFile; fileRef = 3C9A35532AD094A500282D0A /* AmiiboDetails.swift */; };
/* End PBXBuildFile section */

/* Begin PBXFileReference section */
		3C9A353A2AD0905B00282D0A /* AmiiboAPI.app */ = {isa = PBXFileReference; explicitFileType = wrapper.application; includeInIndex = 0; path = AmiiboAPI.app; sourceTree = BUILT_PRODUCTS_DIR; };
		3C9A353D2AD0905B00282D0A /* AmiiboAPIApp.swift */ = {isa = PBXFileReference; lastKnownFileType = sourcecode.swift; path = AmiiboAPIApp.swift; sourceTree = "<group>"; };
		3C9A353F2AD0905B00282D0A /* AmiiboList.swift */ = {isa = PBXFileReference; lastKnownFileType = sourcecode.swift; path = AmiiboList.swift; sourceTree = "<group>"; };
		3C9A35412AD0905C00282D0A /* Assets.xcassets */ = {isa = PBXFileReference; lastKnownFileType = folder.assetcatalog; path = Assets.xcassets; sourceTree = "<group>"; };
		3C9A35442AD0905C00282D0A /* Preview Assets.xcassets */ = {isa = PBXFileReference; lastKnownFileType = folder.assetcatalog; path = "Preview Assets.xcassets"; sourceTree = "<group>"; };
		3C9A354B2AD090CB00282D0A /* RemoteAmiiboLoader.swift */ = {isa = PBXFileReference; lastKnownFileType = sourcecode.swift; path = RemoteAmiiboLoader.swift; sourceTree = "<group>"; };
		3C9A354D2AD0912000282D0A /* RemoteAmiibos.swift */ = {isa = PBXFileReference; lastKnownFileType = sourcecode.swift; path = RemoteAmiibos.swift; sourceTree = "<group>"; };
		3C9A354F2AD0925600282D0A /* AmiiboRow.swift */ = {isa = PBXFileReference; lastKnownFileType = sourcecode.swift; path = AmiiboRow.swift; sourceTree = "<group>"; };
		3C9A35532AD094A500282D0A /* AmiiboDetails.swift */ = {isa = PBXFileReference; lastKnownFileType = sourcecode.swift; path = AmiiboDetails.swift; sourceTree = "<group>"; };
		3C9A35592AD09CD400282D0A /* Info.plist */ = {isa = PBXFileReference; lastKnownFileType = text.plist; path = Info.plist; sourceTree = "<group>"; };
/* End PBXFileReference section */

/* Begin PBXFrameworksBuildPhase section */
		3C9A35372AD0905B00282D0A /* Frameworks */ = {
			isa = PBXFrameworksBuildPhase;
			buildActionMask = 2147483647;
			files = (
			);
			runOnlyForDeploymentPostprocessing = 0;
		};
/* End PBXFrameworksBuildPhase section */

/* Begin PBXGroup section */
		3C9A35312AD0905B00282D0A = {
			isa = PBXGroup;
			children = (
				3C9A353C2AD0905B00282D0A /* AmiiboAPI */,
				3C9A353B2AD0905B00282D0A /* Products */,
			);
			sourceTree = "<group>";
		};
		3C9A353B2AD0905B00282D0A /* Products */ = {
			isa = PBXGroup;
			children = (
				3C9A353A2AD0905B00282D0A /* AmiiboAPI.app */,
			);
			name = Products;
			sourceTree = "<group>";
		};
		3C9A353C2AD0905B00282D0A /* AmiiboAPI */ = {
			isa = PBXGroup;
			children = (
				3C9A35592AD09CD400282D0A /* Info.plist */,
				3C9A353D2AD0905B00282D0A /* AmiiboAPIApp.swift */,
				3C9A353F2AD0905B00282D0A /* AmiiboList.swift */,
				3C9A35412AD0905C00282D0A /* Assets.xcassets */,
				3C9A35432AD0905C00282D0A /* Preview Content */,
				3C9A354B2AD090CB00282D0A /* RemoteAmiiboLoader.swift */,
				3C9A354F2AD0925600282D0A /* AmiiboRow.swift */,
				3C9A354D2AD0912000282D0A /* RemoteAmiibos.swift */,
				3C9A35532AD094A500282D0A /* AmiiboDetails.swift */,
			);
			path = AmiiboAPI;
			sourceTree = "<group>";
		};
		3C9A35432AD0905C00282D0A /* Preview Content */ = {
			isa = PBXGroup;
			children = (
				3C9A35442AD0905C00282D0A /* Preview Assets.xcassets */,
			);
			path = "Preview Content";
			sourceTree = "<group>";
		};
/* End PBXGroup section */

/* Begin PBXNativeTarget section */
		3C9A35392AD0905B00282D0A /* AmiiboAPI */ = {
			isa = PBXNativeTarget;
			buildConfigurationList = 3C9A35482AD0905C00282D0A /* Build configuration list for PBXNativeTarget "AmiiboAPI" */;
			buildPhases = (
				3C9A35362AD0905B00282D0A /* Sources */,
				3C9A35372AD0905B00282D0A /* Frameworks */,
				3C9A35382AD0905B00282D0A /* Resources */,
			);
			buildRules = (
			);
			dependencies = (
			);
			name = AmiiboAPI;
			productName = AmiiboAPI;
			productReference = 3C9A353A2AD0905B00282D0A /* AmiiboAPI.app */;
			productType = "com.apple.product-type.application";
		};
/* End PBXNativeTarget section */

/* Begin PBXProject section */
		3C9A35322AD0905B00282D0A /* Project object */ = {
			isa = PBXProject;
			attributes = {
				BuildIndependentTargetsInParallel = 1;
				LastSwiftUpdateCheck = 1500;
				LastUpgradeCheck = 1500;
				TargetAttributes = {
					3C9A35392AD0905B00282D0A = {
						CreatedOnToolsVersion = 15.0;
					};
				};
			};
			buildConfigurationList = 3C9A35352AD0905B00282D0A /* Build configuration list for PBXProject "AmiiboAPI" */;
			compatibilityVersion = "Xcode 14.0";
			developmentRegion = en;
			hasScannedForEncodings = 0;
			knownRegions = (
				en,
				Base,
			);
			mainGroup = 3C9A35312AD0905B00282D0A;
			productRefGroup = 3C9A353B2AD0905B00282D0A /* Products */;
			projectDirPath = "";
			projectRoot = "";
			targets = (
				3C9A35392AD0905B00282D0A /* AmiiboAPI */,
			);
		};
/* End PBXProject section */

/* Begin PBXResourcesBuildPhase section */
		3C9A35382AD0905B00282D0A /* Resources */ = {
			isa = PBXResourcesBuildPhase;
			buildActionMask = 2147483647;
			files = (
				3C9A35452AD0905C00282D0A /* Preview Assets.xcassets in Resources */,
				3C9A35422AD0905C00282D0A /* Assets.xcassets in Resources */,
			);
			runOnlyForDeploymentPostprocessing = 0;
		};
/* End PBXResourcesBuildPhase section */

/* Begin PBXSourcesBuildPhase section */
		3C9A35362AD0905B00282D0A /* Sources */ = {
			isa = PBXSourcesBuildPhase;
			buildActionMask = 2147483647;
			files = (
				3C9A35402AD0905B00282D0A /* AmiiboList.swift in Sources */,
				3C9A354C2AD090CB00282D0A /* RemoteAmiiboLoader.swift in Sources */,
				3C9A35502AD0925600282D0A /* AmiiboRow.swift in Sources */,
				3C9A35542AD094A500282D0A /* AmiiboDetails.swift in Sources */,
				3C9A354E2AD0912000282D0A /* RemoteAmiibos.swift in Sources */,
				3C9A353E2AD0905B00282D0A /* AmiiboAPIApp.swift in Sources */,
			);
			runOnlyForDeploymentPostprocessing = 0;
		};
/* End PBXSourcesBuildPhase section */

/* Begin XCBuildConfiguration section */
		3C9A35462AD0905C00282D0A /* Debug */ = {
			isa = XCBuildConfiguration;
			buildSettings = {
				ALWAYS_SEARCH_USER_PATHS = NO;
				ASSETCATALOG_COMPILER_GENERATE_SWIFT_ASSET_SYMBOL_EXTENSIONS = YES;
				CLANG_ANALYZER_NONNULL = YES;
				CLANG_ANALYZER_NUMBER_OBJECT_CONVERSION = YES_AGGRESSIVE;
				CLANG_CXX_LANGUAGE_STANDARD = "gnu++20";
				CLANG_ENABLE_MODULES = YES;
				CLANG_ENABLE_OBJC_ARC = YES;
				CLANG_ENABLE_OBJC_WEAK = YES;
				CLANG_WARN_BLOCK_CAPTURE_AUTORELEASING = YES;
				CLANG_WARN_BOOL_CONVERSION = YES;
				CLANG_WARN_COMMA = YES;
				CLANG_WARN_CONSTANT_CONVERSION = YES;
				CLANG_WARN_DEPRECATED_OBJC_IMPLEMENTATIONS = YES;
				CLANG_WARN_DIRECT_OBJC_ISA_USAGE = YES_ERROR;
				CLANG_WARN_DOCUMENTATION_COMMENTS = YES;
				CLANG_WARN_EMPTY_BODY = YES;
				CLANG_WARN_ENUM_CONVERSION = YES;
				CLANG_WARN_INFINITE_RECURSION = YES;
				CLANG_WARN_INT_CONVERSION = YES;
				CLANG_WARN_NON_LITERAL_NULL_CONVERSION = YES;
				CLANG_WARN_OBJC_IMPLICIT_RETAIN_SELF = YES;
				CLANG_WARN_OBJC_LITERAL_CONVERSION = YES;
				CLANG_WARN_OBJC_ROOT_CLASS = YES_ERROR;
				CLANG_WARN_QUOTED_INCLUDE_IN_FRAMEWORK_HEADER = YES;
				CLANG_WARN_RANGE_LOOP_ANALYSIS = YES;
				CLANG_WARN_STRICT_PROTOTYPES = YES;
				CLANG_WARN_SUSPICIOUS_MOVE = YES;
				CLANG_WARN_UNGUARDED_AVAILABILITY = YES_AGGRESSIVE;
				CLANG_WARN_UNREACHABLE_CODE = YES;
				CLANG_WARN__DUPLICATE_METHOD_MATCH = YES;
				COPY_PHASE_STRIP = NO;
				DEBUG_INFORMATION_FORMAT = dwarf;
				ENABLE_STRICT_OBJC_MSGSEND = YES;
				ENABLE_TESTABILITY = YES;
				ENABLE_USER_SCRIPT_SANDBOXING = YES;
				GCC_C_LANGUAGE_STANDARD = gnu17;
				GCC_DYNAMIC_NO_PIC = NO;
				GCC_NO_COMMON_BLOCKS = YES;
				GCC_OPTIMIZATION_LEVEL = 0;
				GCC_PREPROCESSOR_DEFINITIONS = (
					"DEBUG=1",
					"$(inherited)",
				);
				GCC_WARN_64_TO_32_BIT_CONVERSION = YES;
				GCC_WARN_ABOUT_RETURN_TYPE = YES_ERROR;
				GCC_WARN_UNDECLARED_SELECTOR = YES;
				GCC_WARN_UNINITIALIZED_AUTOS = YES_AGGRESSIVE;
				GCC_WARN_UNUSED_FUNCTION = YES;
				GCC_WARN_UNUSED_VARIABLE = YES;
				IPHONEOS_DEPLOYMENT_TARGET = 17.0;
				LOCALIZATION_PREFERS_STRING_CATALOGS = YES;
				MTL_ENABLE_DEBUG_INFO = INCLUDE_SOURCE;
				MTL_FAST_MATH = YES;
				ONLY_ACTIVE_ARCH = YES;
				SDKROOT = iphoneos;
				SWIFT_ACTIVE_COMPILATION_CONDITIONS = "DEBUG $(inherited)";
				SWIFT_OPTIMIZATION_LEVEL = "-Onone";
			};
			name = Debug;
		};
		3C9A35472AD0905C00282D0A /* Release */ = {
			isa = XCBuildConfiguration;
			buildSettings = {
				ALWAYS_SEARCH_USER_PATHS = NO;
				ASSETCATALOG_COMPILER_GENERATE_SWIFT_ASSET_SYMBOL_EXTENSIONS = YES;
				CLANG_ANALYZER_NONNULL = YES;
				CLANG_ANALYZER_NUMBER_OBJECT_CONVERSION = YES_AGGRESSIVE;
				CLANG_CXX_LANGUAGE_STANDARD = "gnu++20";
				CLANG_ENABLE_MODULES = YES;
				CLANG_ENABLE_OBJC_ARC = YES;
				CLANG_ENABLE_OBJC_WEAK = YES;
				CLANG_WARN_BLOCK_CAPTURE_AUTORELEASING = YES;
				CLANG_WARN_BOOL_CONVERSION = YES;
				CLANG_WARN_COMMA = YES;
				CLANG_WARN_CONSTANT_CONVERSION = YES;
				CLANG_WARN_DEPRECATED_OBJC_IMPLEMENTATIONS = YES;
				CLANG_WARN_DIRECT_OBJC_ISA_USAGE = YES_ERROR;
				CLANG_WARN_DOCUMENTATION_COMMENTS = YES;
				CLANG_WARN_EMPTY_BODY = YES;
				CLANG_WARN_ENUM_CONVERSION = YES;
				CLANG_WARN_INFINITE_RECURSION = YES;
				CLANG_WARN_INT_CONVERSION = YES;
				CLANG_WARN_NON_LITERAL_NULL_CONVERSION = YES;
				CLANG_WARN_OBJC_IMPLICIT_RETAIN_SELF = YES;
				CLANG_WARN_OBJC_LITERAL_CONVERSION = YES;
				CLANG_WARN_OBJC_ROOT_CLASS = YES_ERROR;
				CLANG_WARN_QUOTED_INCLUDE_IN_FRAMEWORK_HEADER = YES;
				CLANG_WARN_RANGE_LOOP_ANALYSIS = YES;
				CLANG_WARN_STRICT_PROTOTYPES = YES;
				CLANG_WARN_SUSPICIOUS_MOVE = YES;
				CLANG_WARN_UNGUARDED_AVAILABILITY = YES_AGGRESSIVE;
				CLANG_WARN_UNREACHABLE_CODE = YES;
				CLANG_WARN__DUPLICATE_METHOD_MATCH = YES;
				COPY_PHASE_STRIP = NO;
				DEBUG_INFORMATION_FORMAT = "dwarf-with-dsym";
				ENABLE_NS_ASSERTIONS = NO;
				ENABLE_STRICT_OBJC_MSGSEND = YES;
				ENABLE_USER_SCRIPT_SANDBOXING = YES;
				GCC_C_LANGUAGE_STANDARD = gnu17;
				GCC_NO_COMMON_BLOCKS = YES;
				GCC_WARN_64_TO_32_BIT_CONVERSION = YES;
				GCC_WARN_ABOUT_RETURN_TYPE = YES_ERROR;
				GCC_WARN_UNDECLARED_SELECTOR = YES;
				GCC_WARN_UNINITIALIZED_AUTOS = YES_AGGRESSIVE;
				GCC_WARN_UNUSED_FUNCTION = YES;
				GCC_WARN_UNUSED_VARIABLE = YES;
				IPHONEOS_DEPLOYMENT_TARGET = 17.0;
				LOCALIZATION_PREFERS_STRING_CATALOGS = YES;
				MTL_ENABLE_DEBUG_INFO = NO;
				MTL_FAST_MATH = YES;
				SDKROOT = iphoneos;
				SWIFT_COMPILATION_MODE = wholemodule;
				VALIDATE_PRODUCT = YES;
			};
			name = Release;
		};
		3C9A35492AD0905C00282D0A /* Debug */ = {
			isa = XCBuildConfiguration;
			buildSettings = {
				ASSETCATALOG_COMPILER_APPICON_NAME = AppIcon;
				ASSETCATALOG_COMPILER_GLOBAL_ACCENT_COLOR_NAME = AccentColor;
				CODE_SIGN_STYLE = Automatic;
				CURRENT_PROJECT_VERSION = 1;
				DEVELOPMENT_ASSET_PATHS = "\"AmiiboAPI/Preview Content\"";
				DEVELOPMENT_TEAM = Y25NP8JU6C;
				ENABLE_PREVIEWS = YES;
				GENERATE_INFOPLIST_FILE = YES;
				INFOPLIST_FILE = AmiiboAPI/Info.plist;
				INFOPLIST_KEY_UIApplicationSceneManifest_Generation = YES;
				INFOPLIST_KEY_UIApplicationSupportsIndirectInputEvents = YES;
				INFOPLIST_KEY_UILaunchScreen_Generation = YES;
				INFOPLIST_KEY_UISupportedInterfaceOrientations_iPad = "UIInterfaceOrientationPortrait UIInterfaceOrientationPortraitUpsideDown UIInterfaceOrientationLandscapeLeft UIInterfaceOrientationLandscapeRight";
				INFOPLIST_KEY_UISupportedInterfaceOrientations_iPhone = "UIInterfaceOrientationPortrait UIInterfaceOrientationLandscapeLeft UIInterfaceOrientationLandscapeRight";
				LD_RUNPATH_SEARCH_PATHS = (
					"$(inherited)",
					"@executable_path/Frameworks",
				);
				MARKETING_VERSION = 1.0;
				PRODUCT_BUNDLE_IDENTIFIER = com.joellacerda.AmiiboAPI;
				PRODUCT_NAME = "$(TARGET_NAME)";
				SWIFT_EMIT_LOC_STRINGS = YES;
				SWIFT_VERSION = 5.0;
				TARGETED_DEVICE_FAMILY = "1,2";
			};
			name = Debug;
		};
		3C9A354A2AD0905C00282D0A /* Release */ = {
			isa = XCBuildConfiguration;
			buildSettings = {
				ASSETCATALOG_COMPILER_APPICON_NAME = AppIcon;
				ASSETCATALOG_COMPILER_GLOBAL_ACCENT_COLOR_NAME = AccentColor;
				CODE_SIGN_STYLE = Automatic;
				CURRENT_PROJECT_VERSION = 1;
				DEVELOPMENT_ASSET_PATHS = "\"AmiiboAPI/Preview Content\"";
				DEVELOPMENT_TEAM = Y25NP8JU6C;
				ENABLE_PREVIEWS = YES;
				GENERATE_INFOPLIST_FILE = YES;
				INFOPLIST_FILE = AmiiboAPI/Info.plist;
				INFOPLIST_KEY_UIApplicationSceneManifest_Generation = YES;
				INFOPLIST_KEY_UIApplicationSupportsIndirectInputEvents = YES;
				INFOPLIST_KEY_UILaunchScreen_Generation = YES;
				INFOPLIST_KEY_UISupportedInterfaceOrientations_iPad = "UIInterfaceOrientationPortrait UIInterfaceOrientationPortraitUpsideDown UIInterfaceOrientationLandscapeLeft UIInterfaceOrientationLandscapeRight";
				INFOPLIST_KEY_UISupportedInterfaceOrientations_iPhone = "UIInterfaceOrientationPortrait UIInterfaceOrientationLandscapeLeft UIInterfaceOrientationLandscapeRight";
				LD_RUNPATH_SEARCH_PATHS = (
					"$(inherited)",
					"@executable_path/Frameworks",
				);
				MARKETING_VERSION = 1.0;
				PRODUCT_BUNDLE_IDENTIFIER = com.joellacerda.AmiiboAPI;
				PRODUCT_NAME = "$(TARGET_NAME)";
				SWIFT_EMIT_LOC_STRINGS = YES;
				SWIFT_VERSION = 5.0;
				TARGETED_DEVICE_FAMILY = "1,2";
			};
			name = Release;
		};
/* End XCBuildConfiguration section */

/* Begin XCConfigurationList section */
		3C9A35352AD0905B00282D0A /* Build configuration list for PBXProject "AmiiboAPI" */ = {
			isa = XCConfigurationList;
			buildConfigurations = (
				3C9A35462AD0905C00282D0A /* Debug */,
				3C9A35472AD0905C00282D0A /* Release */,
			);
			defaultConfigurationIsVisible = 0;
			defaultConfigurationName = Release;
		};
		3C9A35482AD0905C00282D0A /* Build configuration list for PBXNativeTarget "AmiiboAPI" */ = {
			isa = XCConfigurationList;
			buildConfigurations = (
				3C9A35492AD0905C00282D0A /* Debug */,
				3C9A354A2AD0905C00282D0A /* Release */,
			);
			defaultConfigurationIsVisible = 0;
			defaultConfigurationName = Release;
		};
/* End XCConfigurationList section */
	};
	rootObject = 3C9A35322AD0905B00282D0A /* Project object */;
}
